
Microsoft Visual Studio Solution File, Format Version 12.00
# Visual Studio Version 17
VisualStudioVersion = 17.8.34309.116
MinimumVisualStudioVersion = 10.0.40219.1
Project("{FAE04EC0-301F-11D3-BF4B-00C04F79EFBC}") = "Simplewebcalculator", "Simplewebcalculator.csproj", "{40721011-5180-49BA-B1C7-E7093CF46FFE}"
EndProject
Project("{FAE04EC0-301F-11D3-BF4B-00C04F79EFBC}") = "Simplewebcalculator.tests", "..\Simplewebcalculator.tests\Simplewebcalculator.tests.csproj", "{1434D2B1-909D-4DDD-A695-2D86A6E6ECC7}"
EndProject
Global
	GlobalSection(SolutionConfigurationPlatforms) = preSolution
		Debug|Any CPU = Debug|Any CPU
		Release|Any CPU = Release|Any CPU
	EndGlobalSection
	GlobalSection(ProjectConfigurationPlatforms) = postSolution
		{40721011-5180-49BA-B1C7-E7093CF46FFE}.Debug|Any CPU.ActiveCfg = Debug|Any CPU
		{40721011-5180-49BA-B1C7-E7093CF46FFE}.Debug|Any CPU.Build.0 = Debug|Any CPU
		{40721011-5180-49BA-B1C7-E7093CF46FFE}.Release|Any CPU.ActiveCfg = Release|Any CPU
		{40721011-5180-49BA-B1C7-E7093CF46FFE}.Release|Any CPU.Build.0 = Release|Any CPU
		{1434D2B1-909D-4DDD-A695-2D86A6E6ECC7}.Debug|Any CPU.ActiveCfg = Debug|Any CPU
		{1434D2B1-909D-4DDD-A695-2D86A6E6ECC7}.Debug|Any CPU.Build.0 = Debug|Any CPU
		{1434D2B1-909D-4DDD-A695-2D86A6E6ECC7}.Release|Any CPU.ActiveCfg = Release|Any CPU
		{1434D2B1-909D-4DDD-A695-2D86A6E6ECC7}.Release|Any CPU.Build.0 = Release|Any CPU
	EndGlobalSection
	GlobalSection(SolutionProperties) = preSolution
		HideSolutionNode = FALSE
	EndGlobalSection
	GlobalSection(ExtensibilityGlobals) = postSolution
		SolutionGuid = {8C1DC007-08EC-4C7C-8235-6979D7B35AFD}
	EndGlobalSection
EndGlobal
